// !$*UTF8*$!
{
	archiveVersion = 1;
	classes = {
	};
	objectVersion = 46;
	objects = {

/* Begin PBXBuildFile section */
		0159E66D1BA8D27F0011A444 /* main.m in Sources */ = {isa = PBXBuildFile; fileRef = 0159E66C1BA8D27F0011A444 /* main.m */; };
		0159E6701BA8D27F0011A444 /* AppDelegate.m in Sources */ = {isa = PBXBuildFile; fileRef = 0159E66F1BA8D27F0011A444 /* AppDelegate.m */; };
		0159E6761BA8D27F0011A444 /* Main.storyboard in Resources */ = {isa = PBXBuildFile; fileRef = 0159E6741BA8D27F0011A444 /* Main.storyboard */; };
		0159E6781BA8D27F0011A444 /* Assets.xcassets in Resources */ = {isa = PBXBuildFile; fileRef = 0159E6771BA8D27F0011A444 /* Assets.xcassets */; };
		0159E67B1BA8D27F0011A444 /* LaunchScreen.storyboard in Resources */ = {isa = PBXBuildFile; fileRef = 0159E6791BA8D27F0011A444 /* LaunchScreen.storyboard */; };
		0159E6841BA8D2C00011A444 /* MoviesViewController.m in Sources */ = {isa = PBXBuildFile; fileRef = 0159E6831BA8D2C00011A444 /* MoviesViewController.m */; settings = {ASSET_TAGS = (); }; };
		0159E6881BA8DD1D0011A444 /* MovieCell.m in Sources */ = {isa = PBXBuildFile; fileRef = 0159E6871BA8DD1D0011A444 /* MovieCell.m */; settings = {ASSET_TAGS = (); }; };
/* End PBXBuildFile section */

/* Begin PBXFileReference section */
		0159E6681BA8D27F0011A444 /* RottenTomatoesClient.app */ = {isa = PBXFileReference; explicitFileType = wrapper.application; includeInIndex = 0; path = RottenTomatoesClient.app; sourceTree = BUILT_PRODUCTS_DIR; };
		0159E66C1BA8D27F0011A444 /* main.m */ = {isa = PBXFileReference; lastKnownFileType = sourcecode.c.objc; path = main.m; sourceTree = "<group>"; };
		0159E66E1BA8D27F0011A444 /* AppDelegate.h */ = {isa = PBXFileReference; lastKnownFileType = sourcecode.c.h; path = AppDelegate.h; sourceTree = "<group>"; };
		0159E66F1BA8D27F0011A444 /* AppDelegate.m */ = {isa = PBXFileReference; lastKnownFileType = sourcecode.c.objc; path = AppDelegate.m; sourceTree = "<group>"; };
		0159E6751BA8D27F0011A444 /* Base */ = {isa = PBXFileReference; lastKnownFileType = file.storyboard; name = Base; path = Base.lproj/Main.storyboard; sourceTree = "<group>"; };
		0159E6771BA8D27F0011A444 /* Assets.xcassets */ = {isa = PBXFileReference; lastKnownFileType = folder.assetcatalog; path = Assets.xcassets; sourceTree = "<group>"; };
		0159E67A1BA8D27F0011A444 /* Base */ = {isa = PBXFileReference; lastKnownFileType = file.storyboard; name = Base; path = Base.lproj/LaunchScreen.storyboard; sourceTree = "<group>"; };
		0159E67C1BA8D27F0011A444 /* Info.plist */ = {isa = PBXFileReference; lastKnownFileType = text.plist.xml; path = Info.plist; sourceTree = "<group>"; };
		0159E6821BA8D2C00011A444 /* MoviesViewController.h */ = {isa = PBXFileReference; fileEncoding = 4; lastKnownFileType = sourcecode.c.h; path = MoviesViewController.h; sourceTree = "<group>"; };
		0159E6831BA8D2C00011A444 /* MoviesViewController.m */ = {isa = PBXFileReference; fileEncoding = 4; lastKnownFileType = sourcecode.c.objc; path = MoviesViewController.m; sourceTree = "<group>"; };
		0159E6861BA8DD1D0011A444 /* MovieCell.h */ = {isa = PBXFileReference; fileEncoding = 4; lastKnownFileType = sourcecode.c.h; path = MovieCell.h; sourceTree = "<group>"; };
		0159E6871BA8DD1D0011A444 /* MovieCell.m */ = {isa = PBXFileReference; fileEncoding = 4; lastKnownFileType = sourcecode.c.objc; path = MovieCell.m; sourceTree = "<group>"; };
/* End PBXFileReference section */

/* Begin PBXFrameworksBuildPhase section */
		0159E6651BA8D27F0011A444 /* Frameworks */ = {
			isa = PBXFrameworksBuildPhase;
			buildActionMask = 2147483647;
			files = (
			);
			runOnlyForDeploymentPostprocessing = 0;
		};
/* End PBXFrameworksBuildPhase section */

/* Begin PBXGroup section */
		0159E65F1BA8D27F0011A444 = {
			isa = PBXGroup;
			children = (
				0159E66A1BA8D27F0011A444 /* RottenTomatoesClient */,
				0159E6691BA8D27F0011A444 /* Products */,
			);
			sourceTree = "<group>";
		};
		0159E6691BA8D27F0011A444 /* Products */ = {
			isa = PBXGroup;
			children = (
				0159E6681BA8D27F0011A444 /* RottenTomatoesClient.app */,
			);
			name = Products;
			sourceTree = "<group>";
		};
		0159E66A1BA8D27F0011A444 /* RottenTomatoesClient */ = {
			isa = PBXGroup;
			children = (
				0159E66E1BA8D27F0011A444 /* AppDelegate.h */,
				0159E66F1BA8D27F0011A444 /* AppDelegate.m */,
				0159E6741BA8D27F0011A444 /* Main.storyboard */,
				0159E6861BA8DD1D0011A444 /* MovieCell.h */,
				0159E6871BA8DD1D0011A444 /* MovieCell.m */,
				0159E6851BA8D2C70011A444 /* View Controllers */,
				0159E6771BA8D27F0011A444 /* Assets.xcassets */,
				0159E6791BA8D27F0011A444 /* LaunchScreen.storyboard */,
				0159E67C1BA8D27F0011A444 /* Info.plist */,
				0159E66B1BA8D27F0011A444 /* Supporting Files */,
			);
			path = RottenTomatoesClient;
			sourceTree = "<group>";
		};
		0159E66B1BA8D27F0011A444 /* Supporting Files */ = {
			isa = PBXGroup;
			children = (
				0159E66C1BA8D27F0011A444 /* main.m */,
			);
			name = "Supporting Files";
			sourceTree = "<group>";
		};
		0159E6851BA8D2C70011A444 /* View Controllers */ = {
			isa = PBXGroup;
			children = (
				0159E6821BA8D2C00011A444 /* MoviesViewController.h */,
				0159E6831BA8D2C00011A444 /* MoviesViewController.m */,
			);
			name = "View Controllers";
			sourceTree = "<group>";
		};
/* End PBXGroup section */

/* Begin PBXNativeTarget section */
		0159E6671BA8D27F0011A444 /* RottenTomatoesClient */ = {
			isa = PBXNativeTarget;
			buildConfigurationList = 0159E67F1BA8D27F0011A444 /* Build configuration list for PBXNativeTarget "RottenTomatoesClient" */;
			buildPhases = (
				0159E6641BA8D27F0011A444 /* Sources */,
				0159E6651BA8D27F0011A444 /* Frameworks */,
				0159E6661BA8D27F0011A444 /* Resources */,
			);
			buildRules = (
			);
			dependencies = (
			);
			name = RottenTomatoesClient;
			productName = RottenTomatoesClient;
			productReference = 0159E6681BA8D27F0011A444 /* RottenTomatoesClient.app */;
			productType = "com.apple.product-type.application";
		};
/* End PBXNativeTarget section */

/* Begin PBXProject section */
		0159E6601BA8D27F0011A444 /* Project object */ = {
			isa = PBXProject;
			attributes = {
				LastUpgradeCheck = 0700;
				ORGANIZATIONNAME = Yahoo;
				TargetAttributes = {
					0159E6671BA8D27F0011A444 = {
						CreatedOnToolsVersion = 7.0;
					};
				};
			};
			buildConfigurationList = 0159E6631BA8D27F0011A444 /* Build configuration list for PBXProject "RottenTomatoesClient" */;
			compatibilityVersion = "Xcode 3.2";
			developmentRegion = English;
			hasScannedForEncodings = 0;
			knownRegions = (
				en,
				Base,
			);
			mainGroup = 0159E65F1BA8D27F0011A444;
			productRefGroup = 0159E6691BA8D27F0011A444 /* Products */;
			projectDirPath = "";
			projectRoot = "";
			targets = (
				0159E6671BA8D27F0011A444 /* RottenTomatoesClient */,
			);
		};
/* End PBXProject section */

/* Begin PBXResourcesBuildPhase section */
		0159E6661BA8D27F0011A444 /* Resources */ = {
			isa = PBXResourcesBuildPhase;
			buildActionMask = 2147483647;
			files = (
				0159E67B1BA8D27F0011A444 /* LaunchScreen.storyboard in Resources */,
				0159E6781BA8D27F0011A444 /* Assets.xcassets in Resources */,
				0159E6761BA8D27F0011A444 /* Main.storyboard in Resources */,
			);
			runOnlyForDeploymentPostprocessing = 0;
		};
/* End PBXResourcesBuildPhase section */

/* Begin PBXSourcesBuildPhase section */
		0159E6641BA8D27F0011A444 /* Sources */ = {
			isa = PBXSourcesBuildPhase;
			buildActionMask = 2147483647;
			files = (
				0159E6841BA8D2C00011A444 /* MoviesViewController.m in Sources */,
				0159E6701BA8D27F0011A444 /* AppDelegate.m in Sources */,
				0159E6881BA8DD1D0011A444 /* MovieCell.m in Sources */,
				0159E66D1BA8D27F0011A444 /* main.m in Sources */,
			);
			runOnlyForDeploymentPostprocessing = 0;
		};
/* End PBXSourcesBuildPhase section */

/* Begin PBXVariantGroup section */
		0159E6741BA8D27F0011A444 /* Main.storyboard */ = {
			isa = PBXVariantGroup;
			children = (
				0159E6751BA8D27F0011A444 /* Base */,
			);
			name = Main.storyboard;
			sourceTree = "<group>";
		};
		0159E6791BA8D27F0011A444 /* LaunchScreen.storyboard */ = {
			isa = PBXVariantGroup;
			children = (
				0159E67A1BA8D27F0011A444 /* Base */,
			);
			name = LaunchScreen.storyboard;
			sourceTree = "<group>";
		};
/* End PBXVariantGroup section */

/* Begin XCBuildConfiguration section */
		0159E67D1BA8D27F0011A444 /* Debug */ = {
			isa = XCBuildConfiguration;
			buildSettings = {
				ALWAYS_SEARCH_USER_PATHS = NO;
				CLANG_CXX_LANGUAGE_STANDARD = "gnu++0x";
				CLANG_CXX_LIBRARY = "libc++";
				CLANG_ENABLE_MODULES = YES;
				CLANG_ENABLE_OBJC_ARC = YES;
				CLANG_WARN_BOOL_CONVERSION = YES;
				CLANG_WARN_CONSTANT_CONVERSION = YES;
				CLANG_WARN_DIRECT_OBJC_ISA_USAGE = YES_ERROR;
				CLANG_WARN_EMPTY_BODY = YES;
				CLANG_WARN_ENUM_CONVERSION = YES;
				CLANG_WARN_INT_CONVERSION = YES;
				CLANG_WARN_OBJC_ROOT_CLASS = YES_ERROR;
				CLANG_WARN_UNREACHABLE_CODE = YES;
				CLANG_WARN__DUPLICATE_METHOD_MATCH = YES;
				"CODE_SIGN_IDENTITY[sdk=iphoneos*]" = "iPhone Developer";
				COPY_PHASE_STRIP = NO;
				DEBUG_INFORMATION_FORMAT = dwarf;
				ENABLE_STRICT_OBJC_MSGSEND = YES;
				ENABLE_TESTABILITY = YES;
				GCC_C_LANGUAGE_STANDARD = gnu99;
				GCC_DYNAMIC_NO_PIC = NO;
				GCC_NO_COMMON_BLOCKS = YES;
				GCC_OPTIMIZATION_LEVEL = 0;
				GCC_PREPROCESSOR_DEFINITIONS = (
					"DEBUG=1",
					"$(inherited)",
				);
				GCC_WARN_64_TO_32_BIT_CONVERSION = YES;
				GCC_WARN_ABOUT_RETURN_TYPE = YES_ERROR;
				GCC_WARN_UNDECLARED_SELECTOR = YES;
				GCC_WARN_UNINITIALIZED_AUTOS = YES_AGGRESSIVE;
				GCC_WARN_UNUSED_FUNCTION = YES;
				GCC_WARN_UNUSED_VARIABLE = YES;
				IPHONEOS_DEPLOYMENT_TARGET = 9.0;
				MTL_ENABLE_DEBUG_INFO = YES;
				ONLY_ACTIVE_ARCH = YES;
				SDKROOT = iphoneos;
				TARGETED_DEVICE_FAMILY = "1,2";
			};
			name = Debug;
		};
		0159E67E1BA8D27F0011A444 /* Release */ = {
			isa = XCBuildConfiguration;
			buildSettings = {
				ALWAYS_SEARCH_USER_PATHS = NO;
				CLANG_CXX_LANGUAGE_STANDARD = "gnu++0x";
				CLANG_CXX_LIBRARY = "libc++";
				CLANG_ENABLE_MODULES = YES;
				CLANG_ENABLE_OBJC_ARC = YES;
				CLANG_WARN_BOOL_CONVERSION = YES;
				CLANG_WARN_CONSTANT_CONVERSION = YES;
				CLANG_WARN_DIRECT_OBJC_ISA_USAGE = YES_ERROR;
				CLANG_WARN_EMPTY_BODY = YES;
				CLANG_WARN_ENUM_CONVERSION = YES;
				CLANG_WARN_INT_CONVERSION = YES;
				CLANG_WARN_OBJC_ROOT_CLASS = YES_ERROR;
				CLANG_WARN_UNREACHABLE_CODE = YES;
				CLANG_WARN__DUPLICATE_METHOD_MATCH = YES;
				"CODE_SIGN_IDENTITY[sdk=iphoneos*]" = "iPhone Developer";
				COPY_PHASE_STRIP = NO;
				DEBUG_INFORMATION_FORMAT = "dwarf-with-dsym";
				ENABLE_NS_ASSERTIONS = NO;
				ENABLE_STRICT_OBJC_MSGSEND = YES;
				GCC_C_LANGUAGE_STANDARD = gnu99;
				GCC_NO_COMMON_BLOCKS = YES;
				GCC_WARN_64_TO_32_BIT_CONVERSION = YES;
				GCC_WARN_ABOUT_RETURN_TYPE = YES_ERROR;
				GCC_WARN_UNDECLARED_SELECTOR = YES;
				GCC_WARN_UNINITIALIZED_AUTOS = YES_AGGRESSIVE;
				GCC_WARN_UNUSED_FUNCTION = YES;
				GCC_WARN_UNUSED_VARIABLE = YES;
				IPHONEOS_DEPLOYMENT_TARGET = 9.0;
				MTL_ENABLE_DEBUG_INFO = NO;
				SDKROOT = iphoneos;
				TARGETED_DEVICE_FAMILY = "1,2";
				VALIDATE_PRODUCT = YES;
			};
			name = Release;
		};
		0159E6801BA8D27F0011A444 /* Debug */ = {
			isa = XCBuildConfiguration;
			buildSettings = {
				ASSETCATALOG_COMPILER_APPICON_NAME = AppIcon;
				INFOPLIST_FILE = RottenTomatoesClient/Info.plist;
				LD_RUNPATH_SEARCH_PATHS = "$(inherited) @executable_path/Frameworks";
				PRODUCT_BUNDLE_IDENTIFIER = Yahoo.RottenTomatoesClient;
				PRODUCT_NAME = "$(TARGET_NAME)";
			};
			name = Debug;
		};
		0159E6811BA8D27F0011A444 /* Release */ = {
			isa = XCBuildConfiguration;
			buildSettings = {
				ASSETCATALOG_COMPILER_APPICON_NAME = AppIcon;
				INFOPLIST_FILE = RottenTomatoesClient/Info.plist;
				LD_RUNPATH_SEARCH_PATHS = "$(inherited) @executable_path/Frameworks";
				PRODUCT_BUNDLE_IDENTIFIER = Yahoo.RottenTomatoesClient;
				PRODUCT_NAME = "$(TARGET_NAME)";
			};
			name = Release;
		};
/* End XCBuildConfiguration section */

/* Begin XCConfigurationList section */
		0159E6631BA8D27F0011A444 /* Build configuration list for PBXProject "RottenTomatoesClient" */ = {
			isa = XCConfigurationList;
			buildConfigurations = (
				0159E67D1BA8D27F0011A444 /* Debug */,
				0159E67E1BA8D27F0011A444 /* Release */,
			);
			defaultConfigurationIsVisible = 0;
			defaultConfigurationName = Release;
		};
		0159E67F1BA8D27F0011A444 /* Build configuration list for PBXNativeTarget "RottenTomatoesClient" */ = {
			isa = XCConfigurationList;
			buildConfigurations = (
				0159E6801BA8D27F0011A444 /* Debug */,
				0159E6811BA8D27F0011A444 /* Release */,
			);
			defaultConfigurationIsVisible = 0;
		};
/* End XCConfigurationList section */
	};
	rootObject = 0159E6601BA8D27F0011A444 /* Project object */;
}
